
Microsoft Visual Studio Solution File, Format Version 12.00
# Visual Studio 14
VisualStudioVersion = 14.0.22512.0
MinimumVisualStudioVersion = 10.0.40219.1
Project("{FAE04EC0-301F-11D3-BF4B-00C04F79EFBC}") = "Algorithms", "Algorithms\Algorithms.csproj", "{FBE05418-85AE-48CD-935E-826F555A45CF}"
EndProject
Project("{FAE04EC0-301F-11D3-BF4B-00C04F79EFBC}") = "Test.Algorithms", "Test.Algorithms\Test.Algorithms.csproj", "{B3A3E216-A4C7-4A2C-808C-736305720433}"
EndProject
Global
	GlobalSection(SolutionConfigurationPlatforms) = preSolution
		Debug|Any CPU = Debug|Any CPU
		Release|Any CPU = Release|Any CPU
	EndGlobalSection
	GlobalSection(ProjectConfigurationPlatforms) = postSolution
		{FBE05418-85AE-48CD-935E-826F555A45CF}.Debug|Any CPU.ActiveCfg = Debug|Any CPU
		{FBE05418-85AE-48CD-935E-826F555A45CF}.Debug|Any CPU.Build.0 = Debug|Any CPU
		{FBE05418-85AE-48CD-935E-826F555A45CF}.Release|Any CPU.ActiveCfg = Release|Any CPU
		{FBE05418-85AE-48CD-935E-826F555A45CF}.Release|Any CPU.Build.0 = Release|Any CPU
		{B3A3E216-A4C7-4A2C-808C-736305720433}.Debug|Any CPU.ActiveCfg = Debug|Any CPU
		{B3A3E216-A4C7-4A2C-808C-736305720433}.Debug|Any CPU.Build.0 = Debug|Any CPU
		{B3A3E216-A4C7-4A2C-808C-736305720433}.Release|Any CPU.ActiveCfg = Release|Any CPU
		{B3A3E216-A4C7-4A2C-808C-736305720433}.Release|Any CPU.Build.0 = Release|Any CPU
	EndGlobalSection
	GlobalSection(SolutionProperties) = preSolution
		HideSolutionNode = FALSE
	EndGlobalSection
EndGlobal
