
Microsoft Visual Studio Solution File, Format Version 12.00
# Visual Studio 2013
VisualStudioVersion = 12.0.21005.1
MinimumVisualStudioVersion = 10.0.40219.1
Project("{FAE04EC0-301F-11D3-BF4B-00C04F79EFBC}") = "Cyclone", "Cyclone\Cyclone.csproj", "{838807FC-FABA-4715-B581-703813D94FB9}"
EndProject
Project("{FAE04EC0-301F-11D3-BF4B-00C04F79EFBC}") = "Sandy.Models", "Sandy\Models\Sandy.Models.csproj", "{1EC05C9F-3034-4313-A94E-98ED1490D688}"
EndProject
Project("{2150E333-8FDC-42A3-9474-1A3956D46DE8}") = "Sandy", "Sandy", "{3B592471-1C2B-4105-B570-C8B9B41E08C9}"
EndProject
Project("{FAE04EC0-301F-11D3-BF4B-00C04F79EFBC}") = "Sandy.OperationParser", "Sandy\OperationParser\Sandy.OperationParser\Sandy.OperationParser.csproj", "{CD037061-7951-472F-B404-53A17300B346}"
EndProject
Project("{FAE04EC0-301F-11D3-BF4B-00C04F79EFBC}") = "Sandy.Tests", "Sandy\Tests\Sandy.Tests\Sandy.Tests.csproj", "{9DA5CECD-C152-4BDE-B0CD-C296D1C75E82}"
EndProject
Project("{FAE04EC0-301F-11D3-BF4B-00C04F79EFBC}") = "Sandy.UITests", "Sandy\UITests\Sandy.UITests\Sandy.UITests.csproj", "{9E393C16-47E4-4279-A9CC-A71D32BF8D8C}"
EndProject
Project("{FAE04EC0-301F-11D3-BF4B-00C04F79EFBC}") = "SyntaxProcessor", "Katrina\SyntaxProcessor\SyntaxProcessor.csproj", "{293805D7-C134-41F2-9A91-D75C3A9A4351}"
EndProject
Project("{2150E333-8FDC-42A3-9474-1A3956D46DE8}") = "Katrina", "Katrina", "{ED2644FD-9E00-4264-B59D-D244ECC7004B}"
EndProject
Project("{FAE04EC0-301F-11D3-BF4B-00C04F79EFBC}") = "Executor", "Katrina\Executor\Executor.csproj", "{5530B901-F932-4C51-9230-8008423FFFB7}"
EndProject
Project("{FAE04EC0-301F-11D3-BF4B-00C04F79EFBC}") = "Executor.Interfaces", "Katrina\Executor.Interfaces\Executor.Interfaces.csproj", "{FA9622F9-ABCB-4BCB-A337-CA11AF9546BA}"
EndProject
Project("{FAE04EC0-301F-11D3-BF4B-00C04F79EFBC}") = "Test.Executor", "Katrina\Test.Executor\Test.Executor.csproj", "{8891FECC-2CF7-4EB2-8D9A-455EE10DAA73}"
EndProject
Project("{FAE04EC0-301F-11D3-BF4B-00C04F79EFBC}") = "Test.SyntaxProcessor", "Katarina\Test.SyntaxProcessor\Test.SyntaxProcessor.csproj", "{6F280E7F-1D20-4780-839F-8F799C6DE089}"
EndProject
Global
	GlobalSection(SolutionConfigurationPlatforms) = preSolution
		Debug|Any CPU = Debug|Any CPU
		Release|Any CPU = Release|Any CPU
	EndGlobalSection
	GlobalSection(ProjectConfigurationPlatforms) = postSolution
		{838807FC-FABA-4715-B581-703813D94FB9}.Debug|Any CPU.ActiveCfg = Debug|Any CPU
		{838807FC-FABA-4715-B581-703813D94FB9}.Debug|Any CPU.Build.0 = Debug|Any CPU
		{838807FC-FABA-4715-B581-703813D94FB9}.Release|Any CPU.ActiveCfg = Release|Any CPU
		{838807FC-FABA-4715-B581-703813D94FB9}.Release|Any CPU.Build.0 = Release|Any CPU
		{1EC05C9F-3034-4313-A94E-98ED1490D688}.Debug|Any CPU.ActiveCfg = Debug|Any CPU
		{1EC05C9F-3034-4313-A94E-98ED1490D688}.Debug|Any CPU.Build.0 = Debug|Any CPU
		{1EC05C9F-3034-4313-A94E-98ED1490D688}.Release|Any CPU.ActiveCfg = Release|Any CPU
		{1EC05C9F-3034-4313-A94E-98ED1490D688}.Release|Any CPU.Build.0 = Release|Any CPU
		{CD037061-7951-472F-B404-53A17300B346}.Debug|Any CPU.ActiveCfg = Debug|Any CPU
		{CD037061-7951-472F-B404-53A17300B346}.Debug|Any CPU.Build.0 = Debug|Any CPU
		{CD037061-7951-472F-B404-53A17300B346}.Release|Any CPU.ActiveCfg = Release|Any CPU
		{CD037061-7951-472F-B404-53A17300B346}.Release|Any CPU.Build.0 = Release|Any CPU
		{9DA5CECD-C152-4BDE-B0CD-C296D1C75E82}.Debug|Any CPU.ActiveCfg = Debug|Any CPU
		{9DA5CECD-C152-4BDE-B0CD-C296D1C75E82}.Debug|Any CPU.Build.0 = Debug|Any CPU
		{9DA5CECD-C152-4BDE-B0CD-C296D1C75E82}.Release|Any CPU.ActiveCfg = Release|Any CPU
		{9DA5CECD-C152-4BDE-B0CD-C296D1C75E82}.Release|Any CPU.Build.0 = Release|Any CPU
		{9E393C16-47E4-4279-A9CC-A71D32BF8D8C}.Debug|Any CPU.ActiveCfg = Debug|Any CPU
		{9E393C16-47E4-4279-A9CC-A71D32BF8D8C}.Debug|Any CPU.Build.0 = Debug|Any CPU
		{9E393C16-47E4-4279-A9CC-A71D32BF8D8C}.Release|Any CPU.ActiveCfg = Release|Any CPU
		{9E393C16-47E4-4279-A9CC-A71D32BF8D8C}.Release|Any CPU.Build.0 = Release|Any CPU
		{293805D7-C134-41F2-9A91-D75C3A9A4351}.Debug|Any CPU.ActiveCfg = Debug|Any CPU
		{293805D7-C134-41F2-9A91-D75C3A9A4351}.Debug|Any CPU.Build.0 = Debug|Any CPU
		{293805D7-C134-41F2-9A91-D75C3A9A4351}.Release|Any CPU.ActiveCfg = Release|Any CPU
		{293805D7-C134-41F2-9A91-D75C3A9A4351}.Release|Any CPU.Build.0 = Release|Any CPU
		{5530B901-F932-4C51-9230-8008423FFFB7}.Debug|Any CPU.ActiveCfg = Debug|Any CPU
		{5530B901-F932-4C51-9230-8008423FFFB7}.Debug|Any CPU.Build.0 = Debug|Any CPU
		{5530B901-F932-4C51-9230-8008423FFFB7}.Release|Any CPU.ActiveCfg = Release|Any CPU
		{5530B901-F932-4C51-9230-8008423FFFB7}.Release|Any CPU.Build.0 = Release|Any CPU
		{FA9622F9-ABCB-4BCB-A337-CA11AF9546BA}.Debug|Any CPU.ActiveCfg = Debug|Any CPU
		{FA9622F9-ABCB-4BCB-A337-CA11AF9546BA}.Debug|Any CPU.Build.0 = Debug|Any CPU
		{FA9622F9-ABCB-4BCB-A337-CA11AF9546BA}.Release|Any CPU.ActiveCfg = Release|Any CPU
		{FA9622F9-ABCB-4BCB-A337-CA11AF9546BA}.Release|Any CPU.Build.0 = Release|Any CPU
		{8891FECC-2CF7-4EB2-8D9A-455EE10DAA73}.Debug|Any CPU.ActiveCfg = Debug|Any CPU
		{8891FECC-2CF7-4EB2-8D9A-455EE10DAA73}.Debug|Any CPU.Build.0 = Debug|Any CPU
		{8891FECC-2CF7-4EB2-8D9A-455EE10DAA73}.Release|Any CPU.ActiveCfg = Release|Any CPU
		{8891FECC-2CF7-4EB2-8D9A-455EE10DAA73}.Release|Any CPU.Build.0 = Release|Any CPU
		{6F280E7F-1D20-4780-839F-8F799C6DE089}.Debug|Any CPU.ActiveCfg = Debug|Any CPU
		{6F280E7F-1D20-4780-839F-8F799C6DE089}.Debug|Any CPU.Build.0 = Debug|Any CPU
		{6F280E7F-1D20-4780-839F-8F799C6DE089}.Release|Any CPU.ActiveCfg = Release|Any CPU
		{6F280E7F-1D20-4780-839F-8F799C6DE089}.Release|Any CPU.Build.0 = Release|Any CPU
	EndGlobalSection
	GlobalSection(SolutionProperties) = preSolution
		HideSolutionNode = FALSE
	EndGlobalSection
	GlobalSection(NestedProjects) = preSolution
		{1EC05C9F-3034-4313-A94E-98ED1490D688} = {3B592471-1C2B-4105-B570-C8B9B41E08C9}
		{CD037061-7951-472F-B404-53A17300B346} = {3B592471-1C2B-4105-B570-C8B9B41E08C9}
		{9DA5CECD-C152-4BDE-B0CD-C296D1C75E82} = {3B592471-1C2B-4105-B570-C8B9B41E08C9}
		{9E393C16-47E4-4279-A9CC-A71D32BF8D8C} = {3B592471-1C2B-4105-B570-C8B9B41E08C9}
		{293805D7-C134-41F2-9A91-D75C3A9A4351} = {ED2644FD-9E00-4264-B59D-D244ECC7004B}
		{5530B901-F932-4C51-9230-8008423FFFB7} = {ED2644FD-9E00-4264-B59D-D244ECC7004B}
		{FA9622F9-ABCB-4BCB-A337-CA11AF9546BA} = {ED2644FD-9E00-4264-B59D-D244ECC7004B}
		{8891FECC-2CF7-4EB2-8D9A-455EE10DAA73} = {ED2644FD-9E00-4264-B59D-D244ECC7004B}
		{6F280E7F-1D20-4780-839F-8F799C6DE089} = {ED2644FD-9E00-4264-B59D-D244ECC7004B}
	EndGlobalSection
EndGlobal
