
Microsoft Visual Studio Solution File, Format Version 12.00
# Visual Studio 14
VisualStudioVersion = 14.0.22512.0
MinimumVisualStudioVersion = 10.0.40219.1
Project("{FAE04EC0-301F-11D3-BF4B-00C04F79EFBC}") = "Cyclone", "Cyclone\Cyclone.csproj", "{838807FC-FABA-4715-B581-703813D94FB9}"
EndProject
Project("{FAE04EC0-301F-11D3-BF4B-00C04F79EFBC}") = "SyntaxProcessor", "Katrina\SyntaxProcessor\SyntaxProcessor.csproj", "{293805D7-C134-41F2-9A91-D75C3A9A4351}"
EndProject
Project("{2150E333-8FDC-42A3-9474-1A3956D46DE8}") = "Katrina", "Katrina", "{ED2644FD-9E00-4264-B59D-D244ECC7004B}"
EndProject
Project("{FAE04EC0-301F-11D3-BF4B-00C04F79EFBC}") = "Executor", "Katrina\Executor\Executor.csproj", "{5530B901-F932-4C51-9230-8008423FFFB7}"
EndProject
Project("{FAE04EC0-301F-11D3-BF4B-00C04F79EFBC}") = "Executor.Interfaces", "Katrina\Executor.Interfaces\Executor.Interfaces.csproj", "{FA9622F9-ABCB-4BCB-A337-CA11AF9546BA}"
EndProject
Global
	GlobalSection(SolutionConfigurationPlatforms) = preSolution
		Debug|Any CPU = Debug|Any CPU
		Release|Any CPU = Release|Any CPU
	EndGlobalSection
	GlobalSection(ProjectConfigurationPlatforms) = postSolution
		{838807FC-FABA-4715-B581-703813D94FB9}.Debug|Any CPU.ActiveCfg = Debug|Any CPU
		{838807FC-FABA-4715-B581-703813D94FB9}.Debug|Any CPU.Build.0 = Debug|Any CPU
		{838807FC-FABA-4715-B581-703813D94FB9}.Release|Any CPU.ActiveCfg = Release|Any CPU
		{838807FC-FABA-4715-B581-703813D94FB9}.Release|Any CPU.Build.0 = Release|Any CPU
		{293805D7-C134-41F2-9A91-D75C3A9A4351}.Debug|Any CPU.ActiveCfg = Debug|Any CPU
		{293805D7-C134-41F2-9A91-D75C3A9A4351}.Debug|Any CPU.Build.0 = Debug|Any CPU
		{293805D7-C134-41F2-9A91-D75C3A9A4351}.Release|Any CPU.ActiveCfg = Release|Any CPU
		{293805D7-C134-41F2-9A91-D75C3A9A4351}.Release|Any CPU.Build.0 = Release|Any CPU
		{5530B901-F932-4C51-9230-8008423FFFB7}.Debug|Any CPU.ActiveCfg = Debug|Any CPU
		{5530B901-F932-4C51-9230-8008423FFFB7}.Debug|Any CPU.Build.0 = Debug|Any CPU
		{5530B901-F932-4C51-9230-8008423FFFB7}.Release|Any CPU.ActiveCfg = Release|Any CPU
		{5530B901-F932-4C51-9230-8008423FFFB7}.Release|Any CPU.Build.0 = Release|Any CPU
		{FA9622F9-ABCB-4BCB-A337-CA11AF9546BA}.Debug|Any CPU.ActiveCfg = Debug|Any CPU
		{FA9622F9-ABCB-4BCB-A337-CA11AF9546BA}.Debug|Any CPU.Build.0 = Debug|Any CPU
		{FA9622F9-ABCB-4BCB-A337-CA11AF9546BA}.Release|Any CPU.ActiveCfg = Release|Any CPU
		{FA9622F9-ABCB-4BCB-A337-CA11AF9546BA}.Release|Any CPU.Build.0 = Release|Any CPU
	EndGlobalSection
	GlobalSection(SolutionProperties) = preSolution
		HideSolutionNode = FALSE
	EndGlobalSection
	GlobalSection(NestedProjects) = preSolution
		{293805D7-C134-41F2-9A91-D75C3A9A4351} = {ED2644FD-9E00-4264-B59D-D244ECC7004B}
		{5530B901-F932-4C51-9230-8008423FFFB7} = {ED2644FD-9E00-4264-B59D-D244ECC7004B}
		{FA9622F9-ABCB-4BCB-A337-CA11AF9546BA} = {ED2644FD-9E00-4264-B59D-D244ECC7004B}
	EndGlobalSection
EndGlobal
